// !$*UTF8*$!
{
	archiveVersion = 1;
	classes = {
	};
	objectVersion = 46;
	objects = {

/* Begin PBXBuildFile section */
		C59D6EDF1A178F8F00871147 /* main.cpp in Sources */ = {isa = PBXBuildFile; fileRef = C59D6EDE1A178F8F00871147 /* main.cpp */; };
		C59D6EE81A17C52300871147 /* libncurses.dylib in Frameworks */ = {isa = PBXBuildFile; fileRef = C59D6EE71A17C52300871147 /* libncurses.dylib */; };
/* End PBXBuildFile section */

/* Begin PBXCopyFilesBuildPhase section */
		C59D6ED91A178F8F00871147 /* CopyFiles */ = {
			isa = PBXCopyFilesBuildPhase;
			buildActionMask = 2147483647;
			dstPath = /usr/share/man/man1/;
			dstSubfolderSpec = 0;
			files = (
			);
			runOnlyForDeploymentPostprocessing = 1;
		};
/* End PBXCopyFilesBuildPhase section */

/* Begin PBXFileReference section */
		C59D6EDB1A178F8F00871147 /* mine-sweeper */ = {isa = PBXFileReference; explicitFileType = "compiled.mach-o.executable"; includeInIndex = 0; path = "mine-sweeper"; sourceTree = BUILT_PRODUCTS_DIR; };
		C59D6EDE1A178F8F00871147 /* main.cpp */ = {isa = PBXFileReference; lastKnownFileType = sourcecode.cpp.cpp; path = main.cpp; sourceTree = "<group>"; };
		C59D6EE71A17C52300871147 /* libncurses.dylib */ = {isa = PBXFileReference; lastKnownFileType = "compiled.mach-o.dylib"; name = libncurses.dylib; path = usr/lib/libncurses.dylib; sourceTree = SDKROOT; };
/* End PBXFileReference section */

/* Begin PBXFrameworksBuildPhase section */
		C59D6ED81A178F8F00871147 /* Frameworks */ = {
			isa = PBXFrameworksBuildPhase;
			buildActionMask = 2147483647;
			files = (
				C59D6EE81A17C52300871147 /* libncurses.dylib in Frameworks */,
			);
			runOnlyForDeploymentPostprocessing = 0;
		};
/* End PBXFrameworksBuildPhase section */

/* Begin PBXGroup section */
		C59D6ED21A178F8F00871147 = {
			isa = PBXGroup;
			children = (
				C59D6EE71A17C52300871147 /* libncurses.dylib */,
				C59D6EDD1A178F8F00871147 /* mine-sweeper */,
				C59D6EDC1A178F8F00871147 /* Products */,
			);
			sourceTree = "<group>";
		};
		C59D6EDC1A178F8F00871147 /* Products */ = {
			isa = PBXGroup;
			children = (
				C59D6EDB1A178F8F00871147 /* mine-sweeper */,
			);
			name = Products;
			sourceTree = "<group>";
		};
		C59D6EDD1A178F8F00871147 /* mine-sweeper */ = {
			isa = PBXGroup;
			children = (
				C59D6EDE1A178F8F00871147 /* main.cpp */,
			);
			path = "mine-sweeper";
			sourceTree = "<group>";
		};
/* End PBXGroup section */

/* Begin PBXNativeTarget section */
		C59D6EDA1A178F8F00871147 /* mine-sweeper */ = {
			isa = PBXNativeTarget;
			buildConfigurationList = C59D6EE21A178F8F00871147 /* Build configuration list for PBXNativeTarget "mine-sweeper" */;
			buildPhases = (
				C59D6ED71A178F8F00871147 /* Sources */,
				C59D6ED81A178F8F00871147 /* Frameworks */,
				C59D6ED91A178F8F00871147 /* CopyFiles */,
			);
			buildRules = (
			);
			dependencies = (
			);
			name = "mine-sweeper";
			productName = "mine-sweeper";
			productReference = C59D6EDB1A178F8F00871147 /* mine-sweeper */;
			productType = "com.apple.product-type.tool";
		};
/* End PBXNativeTarget section */

/* Begin PBXProject section */
		C59D6ED31A178F8F00871147 /* Project object */ = {
			isa = PBXProject;
			attributes = {
				LastUpgradeCheck = 0610;
				ORGANIZATIONNAME = "杨垒";
				TargetAttributes = {
					C59D6EDA1A178F8F00871147 = {
						CreatedOnToolsVersion = 6.1;
					};
				};
			};
			buildConfigurationList = C59D6ED61A178F8F00871147 /* Build configuration list for PBXProject "mine-sweeper" */;
			compatibilityVersion = "Xcode 3.2";
			developmentRegion = English;
			hasScannedForEncodings = 0;
			knownRegions = (
				en,
			);
			mainGroup = C59D6ED21A178F8F00871147;
			productRefGroup = C59D6EDC1A178F8F00871147 /* Products */;
			projectDirPath = "";
			projectRoot = "";
			targets = (
				C59D6EDA1A178F8F00871147 /* mine-sweeper */,
			);
		};
/* End PBXProject section */

/* Begin PBXSourcesBuildPhase section */
		C59D6ED71A178F8F00871147 /* Sources */ = {
			isa = PBXSourcesBuildPhase;
			buildActionMask = 2147483647;
			files = (
				C59D6EDF1A178F8F00871147 /* main.cpp in Sources */,
			);
			runOnlyForDeploymentPostprocessing = 0;
		};
/* End PBXSourcesBuildPhase section */

/* Begin XCBuildConfiguration section */
		C59D6EE01A178F8F00871147 /* Debug */ = {
			isa = XCBuildConfiguration;
			buildSettings = {
				ALWAYS_SEARCH_USER_PATHS = NO;
				CLANG_CXX_LANGUAGE_STANDARD = "gnu++0x";
				CLANG_CXX_LIBRARY = "libc++";
				CLANG_ENABLE_MODULES = YES;
				CLANG_ENABLE_OBJC_ARC = YES;
				CLANG_WARN_BOOL_CONVERSION = YES;
				CLANG_WARN_CONSTANT_CONVERSION = YES;
				CLANG_WARN_DIRECT_OBJC_ISA_USAGE = YES_ERROR;
				CLANG_WARN_EMPTY_BODY = YES;
				CLANG_WARN_ENUM_CONVERSION = YES;
				CLANG_WARN_INT_CONVERSION = YES;
				CLANG_WARN_OBJC_ROOT_CLASS = YES_ERROR;
				CLANG_WARN_UNREACHABLE_CODE = YES;
				CLANG_WARN__DUPLICATE_METHOD_MATCH = YES;
				COPY_PHASE_STRIP = NO;
				ENABLE_STRICT_OBJC_MSGSEND = YES;
				GCC_C_LANGUAGE_STANDARD = gnu99;
				GCC_DYNAMIC_NO_PIC = NO;
				GCC_OPTIMIZATION_LEVEL = 0;
				GCC_PREPROCESSOR_DEFINITIONS = (
					"DEBUG=1",
					"$(inherited)",
				);
				GCC_SYMBOLS_PRIVATE_EXTERN = NO;
				GCC_WARN_64_TO_32_BIT_CONVERSION = YES;
				GCC_WARN_ABOUT_RETURN_TYPE = YES_ERROR;
				GCC_WARN_UNDECLARED_SELECTOR = YES;
				GCC_WARN_UNINITIALIZED_AUTOS = YES_AGGRESSIVE;
				GCC_WARN_UNUSED_FUNCTION = YES;
				GCC_WARN_UNUSED_VARIABLE = YES;
				MACOSX_DEPLOYMENT_TARGET = 10.10;
				MTL_ENABLE_DEBUG_INFO = YES;
				ONLY_ACTIVE_ARCH = YES;
				SDKROOT = macosx;
			};
			name = Debug;
		};
		C59D6EE11A178F8F00871147 /* Release */ = {
			isa = XCBuildConfiguration;
			buildSettings = {
				ALWAYS_SEARCH_USER_PATHS = NO;
				CLANG_CXX_LANGUAGE_STANDARD = "gnu++0x";
				CLANG_CXX_LIBRARY = "libc++";
				CLANG_ENABLE_MODULES = YES;
				CLANG_ENABLE_OBJC_ARC = YES;
				CLANG_WARN_BOOL_CONVERSION = YES;
				CLANG_WARN_CONSTANT_CONVERSION = YES;
				CLANG_WARN_DIRECT_OBJC_ISA_USAGE = YES_ERROR;
				CLANG_WARN_EMPTY_BODY = YES;
				CLANG_WARN_ENUM_CONVERSION = YES;
				CLANG_WARN_INT_CONVERSION = YES;
				CLANG_WARN_OBJC_ROOT_CLASS = YES_ERROR;
				CLANG_WARN_UNREACHABLE_CODE = YES;
				CLANG_WARN__DUPLICATE_METHOD_MATCH = YES;
				COPY_PHASE_STRIP = YES;
				DEBUG_INFORMATION_FORMAT = "dwarf-with-dsym";
				ENABLE_NS_ASSERTIONS = NO;
				ENABLE_STRICT_OBJC_MSGSEND = YES;
				GCC_C_LANGUAGE_STANDARD = gnu99;
				GCC_WARN_64_TO_32_BIT_CONVERSION = YES;
				GCC_WARN_ABOUT_RETURN_TYPE = YES_ERROR;
				GCC_WARN_UNDECLARED_SELECTOR = YES;
				GCC_WARN_UNINITIALIZED_AUTOS = YES_AGGRESSIVE;
				GCC_WARN_UNUSED_FUNCTION = YES;
				GCC_WARN_UNUSED_VARIABLE = YES;
				MACOSX_DEPLOYMENT_TARGET = 10.10;
				MTL_ENABLE_DEBUG_INFO = NO;
				SDKROOT = macosx;
			};
			name = Release;
		};
		C59D6EE31A178F8F00871147 /* Debug */ = {
			isa = XCBuildConfiguration;
			buildSettings = {
				PRODUCT_NAME = "$(TARGET_NAME)";
			};
			name = Debug;
		};
		C59D6EE41A178F8F00871147 /* Release */ = {
			isa = XCBuildConfiguration;
			buildSettings = {
				PRODUCT_NAME = "$(TARGET_NAME)";
			};
			name = Release;
		};
/* End XCBuildConfiguration section */

/* Begin XCConfigurationList section */
		C59D6ED61A178F8F00871147 /* Build configuration list for PBXProject "mine-sweeper" */ = {
			isa = XCConfigurationList;
			buildConfigurations = (
				C59D6EE01A178F8F00871147 /* Debug */,
				C59D6EE11A178F8F00871147 /* Release */,
			);
			defaultConfigurationIsVisible = 0;
			defaultConfigurationName = Release;
		};
		C59D6EE21A178F8F00871147 /* Build configuration list for PBXNativeTarget "mine-sweeper" */ = {
			isa = XCConfigurationList;
			buildConfigurations = (
				C59D6EE31A178F8F00871147 /* Debug */,
				C59D6EE41A178F8F00871147 /* Release */,
			);
			defaultConfigurationIsVisible = 0;
			defaultConfigurationName = Release;
		};
/* End XCConfigurationList section */
	};
	rootObject = C59D6ED31A178F8F00871147 /* Project object */;
}
